
Microsoft Visual Studio Solution File, Format Version 12.00
# Visual Studio 2012
Project("{FAE04EC0-301F-11D3-BF4B-00C04F79EFBC}") = "Pong", "Pong\Pong.csproj", "{331F5B23-E121-4F2B-AD9C-7845C5C18FBB}"
EndProject
Project("{2150E333-8FDC-42A3-9474-1A3956D46DE8}") = "Solution Items", "Solution Items", "{4BB6A697-498C-4333-9FA2-B599F9968E73}"
	ProjectSection(SolutionItems) = preProject
		WE-settings.xml = WE-settings.xml
	EndProjectSection
EndProject
Global
	GlobalSection(SolutionConfigurationPlatforms) = preSolution
		Debug|Any CPU = Debug|Any CPU
		Release|Any CPU = Release|Any CPU
	EndGlobalSection
	GlobalSection(ProjectConfigurationPlatforms) = postSolution
		{331F5B23-E121-4F2B-AD9C-7845C5C18FBB}.Debug|Any CPU.ActiveCfg = Debug|Any CPU
		{331F5B23-E121-4F2B-AD9C-7845C5C18FBB}.Debug|Any CPU.Build.0 = Debug|Any CPU
		{331F5B23-E121-4F2B-AD9C-7845C5C18FBB}.Release|Any CPU.ActiveCfg = Release|Any CPU
		{331F5B23-E121-4F2B-AD9C-7845C5C18FBB}.Release|Any CPU.Build.0 = Release|Any CPU
	EndGlobalSection
	GlobalSection(SolutionProperties) = preSolution
		HideSolutionNode = FALSE
	EndGlobalSection
EndGlobal
